// !$*UTF8*$!
{
	archiveVersion = 1;
	classes = {
	};
	objectVersion = 52;
	objects = {

/* Begin PBXBuildFile section */
		4B4B158D26CC69130042F22A /* XkcdComicApp.swift in Sources */ = {isa = PBXBuildFile; fileRef = 4B4B158C26CC69130042F22A /* XkcdComicApp.swift */; };
		4B4B158F26CC69130042F22A /* ContentView.swift in Sources */ = {isa = PBXBuildFile; fileRef = 4B4B158E26CC69130042F22A /* ContentView.swift */; };
		4B4B159126CC691E0042F22A /* Assets.xcassets in Resources */ = {isa = PBXBuildFile; fileRef = 4B4B159026CC691E0042F22A /* Assets.xcassets */; };
		4B4B159426CC691E0042F22A /* Preview Assets.xcassets in Resources */ = {isa = PBXBuildFile; fileRef = 4B4B159326CC691E0042F22A /* Preview Assets.xcassets */; };
		4B4B159F26CC691F0042F22A /* XkcdComicTests.swift in Sources */ = {isa = PBXBuildFile; fileRef = 4B4B159E26CC691F0042F22A /* XkcdComicTests.swift */; };
		4B4B15AA26CC691F0042F22A /* XkcdComicUITests.swift in Sources */ = {isa = PBXBuildFile; fileRef = 4B4B15A926CC691F0042F22A /* XkcdComicUITests.swift */; };
		4B4B15BC26CC69610042F22A /* NetworkingEngine in Frameworks */ = {isa = PBXBuildFile; productRef = 4B4B15BB26CC69610042F22A /* NetworkingEngine */; };
		4B4B15C226CC69850042F22A /* AsyncImage in Frameworks */ = {isa = PBXBuildFile; productRef = 4B4B15C126CC69850042F22A /* AsyncImage */; };
/* End PBXBuildFile section */

/* Begin PBXContainerItemProxy section */
		4B4B159B26CC691F0042F22A /* PBXContainerItemProxy */ = {
			isa = PBXContainerItemProxy;
			containerPortal = 4B4B158126CC69130042F22A /* Project object */;
			proxyType = 1;
			remoteGlobalIDString = 4B4B158826CC69130042F22A;
			remoteInfo = XkcdComic;
		};
		4B4B15A626CC691F0042F22A /* PBXContainerItemProxy */ = {
			isa = PBXContainerItemProxy;
			containerPortal = 4B4B158126CC69130042F22A /* Project object */;
			proxyType = 1;
			remoteGlobalIDString = 4B4B158826CC69130042F22A;
			remoteInfo = XkcdComic;
		};
/* End PBXContainerItemProxy section */

/* Begin PBXFileReference section */
		4B4B158926CC69130042F22A /* XkcdComic.app */ = {isa = PBXFileReference; explicitFileType = wrapper.application; includeInIndex = 0; path = XkcdComic.app; sourceTree = BUILT_PRODUCTS_DIR; };
		4B4B158C26CC69130042F22A /* XkcdComicApp.swift */ = {isa = PBXFileReference; lastKnownFileType = sourcecode.swift; path = XkcdComicApp.swift; sourceTree = "<group>"; };
		4B4B158E26CC69130042F22A /* ContentView.swift */ = {isa = PBXFileReference; lastKnownFileType = sourcecode.swift; path = ContentView.swift; sourceTree = "<group>"; };
		4B4B159026CC691E0042F22A /* Assets.xcassets */ = {isa = PBXFileReference; lastKnownFileType = folder.assetcatalog; path = Assets.xcassets; sourceTree = "<group>"; };
		4B4B159326CC691E0042F22A /* Preview Assets.xcassets */ = {isa = PBXFileReference; lastKnownFileType = folder.assetcatalog; path = "Preview Assets.xcassets"; sourceTree = "<group>"; };
		4B4B159526CC691E0042F22A /* Info.plist */ = {isa = PBXFileReference; lastKnownFileType = text.plist.xml; path = Info.plist; sourceTree = "<group>"; };
		4B4B159A26CC691F0042F22A /* XkcdComicTests.xctest */ = {isa = PBXFileReference; explicitFileType = wrapper.cfbundle; includeInIndex = 0; path = XkcdComicTests.xctest; sourceTree = BUILT_PRODUCTS_DIR; };
		4B4B159E26CC691F0042F22A /* XkcdComicTests.swift */ = {isa = PBXFileReference; lastKnownFileType = sourcecode.swift; path = XkcdComicTests.swift; sourceTree = "<group>"; };
		4B4B15A026CC691F0042F22A /* Info.plist */ = {isa = PBXFileReference; lastKnownFileType = text.plist.xml; path = Info.plist; sourceTree = "<group>"; };
		4B4B15A526CC691F0042F22A /* XkcdComicUITests.xctest */ = {isa = PBXFileReference; explicitFileType = wrapper.cfbundle; includeInIndex = 0; path = XkcdComicUITests.xctest; sourceTree = BUILT_PRODUCTS_DIR; };
		4B4B15A926CC691F0042F22A /* XkcdComicUITests.swift */ = {isa = PBXFileReference; lastKnownFileType = sourcecode.swift; path = XkcdComicUITests.swift; sourceTree = "<group>"; };
		4B4B15AB26CC691F0042F22A /* Info.plist */ = {isa = PBXFileReference; lastKnownFileType = text.plist.xml; path = Info.plist; sourceTree = "<group>"; };
/* End PBXFileReference section */

/* Begin PBXFrameworksBuildPhase section */
		4B4B158626CC69130042F22A /* Frameworks */ = {
			isa = PBXFrameworksBuildPhase;
			buildActionMask = 2147483647;
			files = (
				4B4B15BC26CC69610042F22A /* NetworkingEngine in Frameworks */,
				4B4B15C226CC69850042F22A /* AsyncImage in Frameworks */,
			);
			runOnlyForDeploymentPostprocessing = 0;
		};
		4B4B159726CC691F0042F22A /* Frameworks */ = {
			isa = PBXFrameworksBuildPhase;
			buildActionMask = 2147483647;
			files = (
			);
			runOnlyForDeploymentPostprocessing = 0;
		};
		4B4B15A226CC691F0042F22A /* Frameworks */ = {
			isa = PBXFrameworksBuildPhase;
			buildActionMask = 2147483647;
			files = (
			);
			runOnlyForDeploymentPostprocessing = 0;
		};
/* End PBXFrameworksBuildPhase section */

/* Begin PBXGroup section */
		4B4B158026CC69130042F22A = {
			isa = PBXGroup;
			children = (
				4B4B158B26CC69130042F22A /* XkcdComic */,
				4B4B159D26CC691F0042F22A /* XkcdComicTests */,
				4B4B15A826CC691F0042F22A /* XkcdComicUITests */,
				4B4B158A26CC69130042F22A /* Products */,
			);
			sourceTree = "<group>";
		};
		4B4B158A26CC69130042F22A /* Products */ = {
			isa = PBXGroup;
			children = (
				4B4B158926CC69130042F22A /* XkcdComic.app */,
				4B4B159A26CC691F0042F22A /* XkcdComicTests.xctest */,
				4B4B15A526CC691F0042F22A /* XkcdComicUITests.xctest */,
			);
			name = Products;
			sourceTree = "<group>";
		};
		4B4B158B26CC69130042F22A /* XkcdComic */ = {
			isa = PBXGroup;
			children = (
				4B4B158C26CC69130042F22A /* XkcdComicApp.swift */,
				4B4B158E26CC69130042F22A /* ContentView.swift */,
				4B4B159026CC691E0042F22A /* Assets.xcassets */,
				4B4B159526CC691E0042F22A /* Info.plist */,
				4B4B159226CC691E0042F22A /* Preview Content */,
			);
			path = XkcdComic;
			sourceTree = "<group>";
		};
		4B4B159226CC691E0042F22A /* Preview Content */ = {
			isa = PBXGroup;
			children = (
				4B4B159326CC691E0042F22A /* Preview Assets.xcassets */,
			);
			path = "Preview Content";
			sourceTree = "<group>";
		};
		4B4B159D26CC691F0042F22A /* XkcdComicTests */ = {
			isa = PBXGroup;
			children = (
				4B4B159E26CC691F0042F22A /* XkcdComicTests.swift */,
				4B4B15A026CC691F0042F22A /* Info.plist */,
			);
			path = XkcdComicTests;
			sourceTree = "<group>";
		};
		4B4B15A826CC691F0042F22A /* XkcdComicUITests */ = {
			isa = PBXGroup;
			children = (
				4B4B15A926CC691F0042F22A /* XkcdComicUITests.swift */,
				4B4B15AB26CC691F0042F22A /* Info.plist */,
			);
			path = XkcdComicUITests;
			sourceTree = "<group>";
		};
/* End PBXGroup section */

/* Begin PBXNativeTarget section */
		4B4B158826CC69130042F22A /* XkcdComic */ = {
			isa = PBXNativeTarget;
			buildConfigurationList = 4B4B15AE26CC691F0042F22A /* Build configuration list for PBXNativeTarget "XkcdComic" */;
			buildPhases = (
				4B4B158526CC69130042F22A /* Sources */,
				4B4B158626CC69130042F22A /* Frameworks */,
				4B4B158726CC69130042F22A /* Resources */,
			);
			buildRules = (
			);
			dependencies = (
			);
			name = XkcdComic;
			packageProductDependencies = (
				4B4B15BB26CC69610042F22A /* NetworkingEngine */,
				4B4B15C126CC69850042F22A /* AsyncImage */,
			);
			productName = XkcdComic;
			productReference = 4B4B158926CC69130042F22A /* XkcdComic.app */;
			productType = "com.apple.product-type.application";
		};
		4B4B159926CC691F0042F22A /* XkcdComicTests */ = {
			isa = PBXNativeTarget;
			buildConfigurationList = 4B4B15B126CC691F0042F22A /* Build configuration list for PBXNativeTarget "XkcdComicTests" */;
			buildPhases = (
				4B4B159626CC691F0042F22A /* Sources */,
				4B4B159726CC691F0042F22A /* Frameworks */,
				4B4B159826CC691F0042F22A /* Resources */,
			);
			buildRules = (
			);
			dependencies = (
				4B4B159C26CC691F0042F22A /* PBXTargetDependency */,
			);
			name = XkcdComicTests;
			productName = XkcdComicTests;
			productReference = 4B4B159A26CC691F0042F22A /* XkcdComicTests.xctest */;
			productType = "com.apple.product-type.bundle.unit-test";
		};
		4B4B15A426CC691F0042F22A /* XkcdComicUITests */ = {
			isa = PBXNativeTarget;
			buildConfigurationList = 4B4B15B426CC691F0042F22A /* Build configuration list for PBXNativeTarget "XkcdComicUITests" */;
			buildPhases = (
				4B4B15A126CC691F0042F22A /* Sources */,
				4B4B15A226CC691F0042F22A /* Frameworks */,
				4B4B15A326CC691F0042F22A /* Resources */,
			);
			buildRules = (
			);
			dependencies = (
				4B4B15A726CC691F0042F22A /* PBXTargetDependency */,
			);
			name = XkcdComicUITests;
			productName = XkcdComicUITests;
			productReference = 4B4B15A526CC691F0042F22A /* XkcdComicUITests.xctest */;
			productType = "com.apple.product-type.bundle.ui-testing";
		};
/* End PBXNativeTarget section */

/* Begin PBXProject section */
		4B4B158126CC69130042F22A /* Project object */ = {
			isa = PBXProject;
			attributes = {
				LastSwiftUpdateCheck = 1240;
				LastUpgradeCheck = 1240;
				TargetAttributes = {
					4B4B158826CC69130042F22A = {
						CreatedOnToolsVersion = 12.4;
					};
					4B4B159926CC691F0042F22A = {
						CreatedOnToolsVersion = 12.4;
						TestTargetID = 4B4B158826CC69130042F22A;
					};
					4B4B15A426CC691F0042F22A = {
						CreatedOnToolsVersion = 12.4;
						TestTargetID = 4B4B158826CC69130042F22A;
					};
				};
			};
			buildConfigurationList = 4B4B158426CC69130042F22A /* Build configuration list for PBXProject "XkcdComic" */;
			compatibilityVersion = "Xcode 9.3";
			developmentRegion = en;
			hasScannedForEncodings = 0;
			knownRegions = (
				en,
				Base,
			);
			mainGroup = 4B4B158026CC69130042F22A;
			packageReferences = (
				4B4B15BA26CC69610042F22A /* XCRemoteSwiftPackageReference "NetworkingEngine" */,
				4B4B15C026CC69850042F22A /* XCRemoteSwiftPackageReference "AsyncImage" */,
			);
			productRefGroup = 4B4B158A26CC69130042F22A /* Products */;
			projectDirPath = "";
			projectRoot = "";
			targets = (
				4B4B158826CC69130042F22A /* XkcdComic */,
				4B4B159926CC691F0042F22A /* XkcdComicTests */,
				4B4B15A426CC691F0042F22A /* XkcdComicUITests */,
			);
		};
/* End PBXProject section */

/* Begin PBXResourcesBuildPhase section */
		4B4B158726CC69130042F22A /* Resources */ = {
			isa = PBXResourcesBuildPhase;
			buildActionMask = 2147483647;
			files = (
				4B4B159426CC691E0042F22A /* Preview Assets.xcassets in Resources */,
				4B4B159126CC691E0042F22A /* Assets.xcassets in Resources */,
			);
			runOnlyForDeploymentPostprocessing = 0;
		};
		4B4B159826CC691F0042F22A /* Resources */ = {
			isa = PBXResourcesBuildPhase;
			buildActionMask = 2147483647;
			files = (
			);
			runOnlyForDeploymentPostprocessing = 0;
		};
		4B4B15A326CC691F0042F22A /* Resources */ = {
			isa = PBXResourcesBuildPhase;
			buildActionMask = 2147483647;
			files = (
			);
			runOnlyForDeploymentPostprocessing = 0;
		};
/* End PBXResourcesBuildPhase section */

/* Begin PBXSourcesBuildPhase section */
		4B4B158526CC69130042F22A /* Sources */ = {
			isa = PBXSourcesBuildPhase;
			buildActionMask = 2147483647;
			files = (
				4B4B158F26CC69130042F22A /* ContentView.swift in Sources */,
				4B4B158D26CC69130042F22A /* XkcdComicApp.swift in Sources */,
			);
			runOnlyForDeploymentPostprocessing = 0;
		};
		4B4B159626CC691F0042F22A /* Sources */ = {
			isa = PBXSourcesBuildPhase;
			buildActionMask = 2147483647;
			files = (
				4B4B159F26CC691F0042F22A /* XkcdComicTests.swift in Sources */,
			);
			runOnlyForDeploymentPostprocessing = 0;
		};
		4B4B15A126CC691F0042F22A /* Sources */ = {
			isa = PBXSourcesBuildPhase;
			buildActionMask = 2147483647;
			files = (
				4B4B15AA26CC691F0042F22A /* XkcdComicUITests.swift in Sources */,
			);
			runOnlyForDeploymentPostprocessing = 0;
		};
/* End PBXSourcesBuildPhase section */

/* Begin PBXTargetDependency section */
		4B4B159C26CC691F0042F22A /* PBXTargetDependency */ = {
			isa = PBXTargetDependency;
			target = 4B4B158826CC69130042F22A /* XkcdComic */;
			targetProxy = 4B4B159B26CC691F0042F22A /* PBXContainerItemProxy */;
		};
		4B4B15A726CC691F0042F22A /* PBXTargetDependency */ = {
			isa = PBXTargetDependency;
			target = 4B4B158826CC69130042F22A /* XkcdComic */;
			targetProxy = 4B4B15A626CC691F0042F22A /* PBXContainerItemProxy */;
		};
/* End PBXTargetDependency section */

/* Begin XCBuildConfiguration section */
		4B4B15AC26CC691F0042F22A /* Debug */ = {
			isa = XCBuildConfiguration;
			buildSettings = {
				ALWAYS_SEARCH_USER_PATHS = NO;
				CLANG_ANALYZER_NONNULL = YES;
				CLANG_ANALYZER_NUMBER_OBJECT_CONVERSION = YES_AGGRESSIVE;
				CLANG_CXX_LANGUAGE_STANDARD = "gnu++14";
				CLANG_CXX_LIBRARY = "libc++";
				CLANG_ENABLE_MODULES = YES;
				CLANG_ENABLE_OBJC_ARC = YES;
				CLANG_ENABLE_OBJC_WEAK = YES;
				CLANG_WARN_BLOCK_CAPTURE_AUTORELEASING = YES;
				CLANG_WARN_BOOL_CONVERSION = YES;
				CLANG_WARN_COMMA = YES;
				CLANG_WARN_CONSTANT_CONVERSION = YES;
				CLANG_WARN_DEPRECATED_OBJC_IMPLEMENTATIONS = YES;
				CLANG_WARN_DIRECT_OBJC_ISA_USAGE = YES_ERROR;
				CLANG_WARN_DOCUMENTATION_COMMENTS = YES;
				CLANG_WARN_EMPTY_BODY = YES;
				CLANG_WARN_ENUM_CONVERSION = YES;
				CLANG_WARN_INFINITE_RECURSION = YES;
				CLANG_WARN_INT_CONVERSION = YES;
				CLANG_WARN_NON_LITERAL_NULL_CONVERSION = YES;
				CLANG_WARN_OBJC_IMPLICIT_RETAIN_SELF = YES;
				CLANG_WARN_OBJC_LITERAL_CONVERSION = YES;
				CLANG_WARN_OBJC_ROOT_CLASS = YES_ERROR;
				CLANG_WARN_QUOTED_INCLUDE_IN_FRAMEWORK_HEADER = YES;
				CLANG_WARN_RANGE_LOOP_ANALYSIS = YES;
				CLANG_WARN_STRICT_PROTOTYPES = YES;
				CLANG_WARN_SUSPICIOUS_MOVE = YES;
				CLANG_WARN_UNGUARDED_AVAILABILITY = YES_AGGRESSIVE;
				CLANG_WARN_UNREACHABLE_CODE = YES;
				CLANG_WARN__DUPLICATE_METHOD_MATCH = YES;
				COPY_PHASE_STRIP = NO;
				DEBUG_INFORMATION_FORMAT = dwarf;
				ENABLE_STRICT_OBJC_MSGSEND = YES;
				ENABLE_TESTABILITY = YES;
				GCC_C_LANGUAGE_STANDARD = gnu11;
				GCC_DYNAMIC_NO_PIC = NO;
				GCC_NO_COMMON_BLOCKS = YES;
				GCC_OPTIMIZATION_LEVEL = 0;
				GCC_PREPROCESSOR_DEFINITIONS = (
					"DEBUG=1",
					"$(inherited)",
				);
				GCC_WARN_64_TO_32_BIT_CONVERSION = YES;
				GCC_WARN_ABOUT_RETURN_TYPE = YES_ERROR;
				GCC_WARN_UNDECLARED_SELECTOR = YES;
				GCC_WARN_UNINITIALIZED_AUTOS = YES_AGGRESSIVE;
				GCC_WARN_UNUSED_FUNCTION = YES;
				GCC_WARN_UNUSED_VARIABLE = YES;
				IPHONEOS_DEPLOYMENT_TARGET = 14.4;
				MTL_ENABLE_DEBUG_INFO = INCLUDE_SOURCE;
				MTL_FAST_MATH = YES;
				ONLY_ACTIVE_ARCH = YES;
				SDKROOT = iphoneos;
				SWIFT_ACTIVE_COMPILATION_CONDITIONS = DEBUG;
				SWIFT_OPTIMIZATION_LEVEL = "-Onone";
			};
			name = Debug;
		};
		4B4B15AD26CC691F0042F22A /* Release */ = {
			isa = XCBuildConfiguration;
			buildSettings = {
				ALWAYS_SEARCH_USER_PATHS = NO;
				CLANG_ANALYZER_NONNULL = YES;
				CLANG_ANALYZER_NUMBER_OBJECT_CONVERSION = YES_AGGRESSIVE;
				CLANG_CXX_LANGUAGE_STANDARD = "gnu++14";
				CLANG_CXX_LIBRARY = "libc++";
				CLANG_ENABLE_MODULES = YES;
				CLANG_ENABLE_OBJC_ARC = YES;
				CLANG_ENABLE_OBJC_WEAK = YES;
				CLANG_WARN_BLOCK_CAPTURE_AUTORELEASING = YES;
				CLANG_WARN_BOOL_CONVERSION = YES;
				CLANG_WARN_COMMA = YES;
				CLANG_WARN_CONSTANT_CONVERSION = YES;
				CLANG_WARN_DEPRECATED_OBJC_IMPLEMENTATIONS = YES;
				CLANG_WARN_DIRECT_OBJC_ISA_USAGE = YES_ERROR;
				CLANG_WARN_DOCUMENTATION_COMMENTS = YES;
				CLANG_WARN_EMPTY_BODY = YES;
				CLANG_WARN_ENUM_CONVERSION = YES;
				CLANG_WARN_INFINITE_RECURSION = YES;
				CLANG_WARN_INT_CONVERSION = YES;
				CLANG_WARN_NON_LITERAL_NULL_CONVERSION = YES;
				CLANG_WARN_OBJC_IMPLICIT_RETAIN_SELF = YES;
				CLANG_WARN_OBJC_LITERAL_CONVERSION = YES;
				CLANG_WARN_OBJC_ROOT_CLASS = YES_ERROR;
				CLANG_WARN_QUOTED_INCLUDE_IN_FRAMEWORK_HEADER = YES;
				CLANG_WARN_RANGE_LOOP_ANALYSIS = YES;
				CLANG_WARN_STRICT_PROTOTYPES = YES;
				CLANG_WARN_SUSPICIOUS_MOVE = YES;
				CLANG_WARN_UNGUARDED_AVAILABILITY = YES_AGGRESSIVE;
				CLANG_WARN_UNREACHABLE_CODE = YES;
				CLANG_WARN__DUPLICATE_METHOD_MATCH = YES;
				COPY_PHASE_STRIP = NO;
				DEBUG_INFORMATION_FORMAT = "dwarf-with-dsym";
				ENABLE_NS_ASSERTIONS = NO;
				ENABLE_STRICT_OBJC_MSGSEND = YES;
				GCC_C_LANGUAGE_STANDARD = gnu11;
				GCC_NO_COMMON_BLOCKS = YES;
				GCC_WARN_64_TO_32_BIT_CONVERSION = YES;
				GCC_WARN_ABOUT_RETURN_TYPE = YES_ERROR;
				GCC_WARN_UNDECLARED_SELECTOR = YES;
				GCC_WARN_UNINITIALIZED_AUTOS = YES_AGGRESSIVE;
				GCC_WARN_UNUSED_FUNCTION = YES;
				GCC_WARN_UNUSED_VARIABLE = YES;
				IPHONEOS_DEPLOYMENT_TARGET = 14.4;
				MTL_ENABLE_DEBUG_INFO = NO;
				MTL_FAST_MATH = YES;
				SDKROOT = iphoneos;
				SWIFT_COMPILATION_MODE = wholemodule;
				SWIFT_OPTIMIZATION_LEVEL = "-O";
				VALIDATE_PRODUCT = YES;
			};
			name = Release;
		};
		4B4B15AF26CC691F0042F22A /* Debug */ = {
			isa = XCBuildConfiguration;
			buildSettings = {
				ASSETCATALOG_COMPILER_APPICON_NAME = AppIcon;
				ASSETCATALOG_COMPILER_GLOBAL_ACCENT_COLOR_NAME = AccentColor;
				CODE_SIGN_STYLE = Automatic;
				DEVELOPMENT_ASSET_PATHS = "\"XkcdComic/Preview Content\"";
				DEVELOPMENT_TEAM = TDD6QTZ33S;
				ENABLE_PREVIEWS = YES;
				INFOPLIST_FILE = XkcdComic/Info.plist;
				IPHONEOS_DEPLOYMENT_TARGET = 14.0;
				LD_RUNPATH_SEARCH_PATHS = (
					"$(inherited)",
					"@executable_path/Frameworks",
				);
				PRODUCT_BUNDLE_IDENTIFIER = com.MengjiaoYang.XkcdComic;
				PRODUCT_NAME = "$(TARGET_NAME)";
				SWIFT_VERSION = 5.0;
				TARGETED_DEVICE_FAMILY = "1,2";
			};
			name = Debug;
		};
		4B4B15B026CC691F0042F22A /* Release */ = {
			isa = XCBuildConfiguration;
			buildSettings = {
				ASSETCATALOG_COMPILER_APPICON_NAME = AppIcon;
				ASSETCATALOG_COMPILER_GLOBAL_ACCENT_COLOR_NAME = AccentColor;
				CODE_SIGN_STYLE = Automatic;
				DEVELOPMENT_ASSET_PATHS = "\"XkcdComic/Preview Content\"";
				DEVELOPMENT_TEAM = TDD6QTZ33S;
				ENABLE_PREVIEWS = YES;
				INFOPLIST_FILE = XkcdComic/Info.plist;
				IPHONEOS_DEPLOYMENT_TARGET = 14.0;
				LD_RUNPATH_SEARCH_PATHS = (
					"$(inherited)",
					"@executable_path/Frameworks",
				);
				PRODUCT_BUNDLE_IDENTIFIER = com.MengjiaoYang.XkcdComic;
				PRODUCT_NAME = "$(TARGET_NAME)";
				SWIFT_VERSION = 5.0;
				TARGETED_DEVICE_FAMILY = "1,2";
			};
			name = Release;
		};
		4B4B15B226CC691F0042F22A /* Debug */ = {
			isa = XCBuildConfiguration;
			buildSettings = {
				ALWAYS_EMBED_SWIFT_STANDARD_LIBRARIES = YES;
				BUNDLE_LOADER = "$(TEST_HOST)";
				CODE_SIGN_STYLE = Automatic;
				DEVELOPMENT_TEAM = TDD6QTZ33S;
				INFOPLIST_FILE = XkcdComicTests/Info.plist;
				IPHONEOS_DEPLOYMENT_TARGET = 14.0;
				LD_RUNPATH_SEARCH_PATHS = (
					"$(inherited)",
					"@executable_path/Frameworks",
					"@loader_path/Frameworks",
				);
				PRODUCT_BUNDLE_IDENTIFIER = com.MengjiaoYang.XkcdComicTests;
				PRODUCT_NAME = "$(TARGET_NAME)";
				SWIFT_VERSION = 5.0;
				TARGETED_DEVICE_FAMILY = "1,2";
				TEST_HOST = "$(BUILT_PRODUCTS_DIR)/XkcdComic.app/XkcdComic";
			};
			name = Debug;
		};
		4B4B15B326CC691F0042F22A /* Release */ = {
			isa = XCBuildConfiguration;
			buildSettings = {
				ALWAYS_EMBED_SWIFT_STANDARD_LIBRARIES = YES;
				BUNDLE_LOADER = "$(TEST_HOST)";
				CODE_SIGN_STYLE = Automatic;
				DEVELOPMENT_TEAM = TDD6QTZ33S;
				INFOPLIST_FILE = XkcdComicTests/Info.plist;
				IPHONEOS_DEPLOYMENT_TARGET = 14.0;
				LD_RUNPATH_SEARCH_PATHS = (
					"$(inherited)",
					"@executable_path/Frameworks",
					"@loader_path/Frameworks",
				);
				PRODUCT_BUNDLE_IDENTIFIER = com.MengjiaoYang.XkcdComicTests;
				PRODUCT_NAME = "$(TARGET_NAME)";
				SWIFT_VERSION = 5.0;
				TARGETED_DEVICE_FAMILY = "1,2";
				TEST_HOST = "$(BUILT_PRODUCTS_DIR)/XkcdComic.app/XkcdComic";
			};
			name = Release;
		};
		4B4B15B526CC691F0042F22A /* Debug */ = {
			isa = XCBuildConfiguration;
			buildSettings = {
				ALWAYS_EMBED_SWIFT_STANDARD_LIBRARIES = YES;
				CODE_SIGN_STYLE = Automatic;
				DEVELOPMENT_TEAM = TDD6QTZ33S;
				INFOPLIST_FILE = XkcdComicUITests/Info.plist;
				LD_RUNPATH_SEARCH_PATHS = (
					"$(inherited)",
					"@executable_path/Frameworks",
					"@loader_path/Frameworks",
				);
				PRODUCT_BUNDLE_IDENTIFIER = com.MengjiaoYang.XkcdComicUITests;
				PRODUCT_NAME = "$(TARGET_NAME)";
				SWIFT_VERSION = 5.0;
				TARGETED_DEVICE_FAMILY = "1,2";
				TEST_TARGET_NAME = XkcdComic;
			};
			name = Debug;
		};
		4B4B15B626CC691F0042F22A /* Release */ = {
			isa = XCBuildConfiguration;
			buildSettings = {
				ALWAYS_EMBED_SWIFT_STANDARD_LIBRARIES = YES;
				CODE_SIGN_STYLE = Automatic;
				DEVELOPMENT_TEAM = TDD6QTZ33S;
				INFOPLIST_FILE = XkcdComicUITests/Info.plist;
				LD_RUNPATH_SEARCH_PATHS = (
					"$(inherited)",
					"@executable_path/Frameworks",
					"@loader_path/Frameworks",
				);
				PRODUCT_BUNDLE_IDENTIFIER = com.MengjiaoYang.XkcdComicUITests;
				PRODUCT_NAME = "$(TARGET_NAME)";
				SWIFT_VERSION = 5.0;
				TARGETED_DEVICE_FAMILY = "1,2";
				TEST_TARGET_NAME = XkcdComic;
			};
			name = Release;
		};
/* End XCBuildConfiguration section */

/* Begin XCConfigurationList section */
		4B4B158426CC69130042F22A /* Build configuration list for PBXProject "XkcdComic" */ = {
			isa = XCConfigurationList;
			buildConfigurations = (
				4B4B15AC26CC691F0042F22A /* Debug */,
				4B4B15AD26CC691F0042F22A /* Release */,
			);
			defaultConfigurationIsVisible = 0;
			defaultConfigurationName = Release;
		};
		4B4B15AE26CC691F0042F22A /* Build configuration list for PBXNativeTarget "XkcdComic" */ = {
			isa = XCConfigurationList;
			buildConfigurations = (
				4B4B15AF26CC691F0042F22A /* Debug */,
				4B4B15B026CC691F0042F22A /* Release */,
			);
			defaultConfigurationIsVisible = 0;
			defaultConfigurationName = Release;
		};
		4B4B15B126CC691F0042F22A /* Build configuration list for PBXNativeTarget "XkcdComicTests" */ = {
			isa = XCConfigurationList;
			buildConfigurations = (
				4B4B15B226CC691F0042F22A /* Debug */,
				4B4B15B326CC691F0042F22A /* Release */,
			);
			defaultConfigurationIsVisible = 0;
			defaultConfigurationName = Release;
		};
		4B4B15B426CC691F0042F22A /* Build configuration list for PBXNativeTarget "XkcdComicUITests" */ = {
			isa = XCConfigurationList;
			buildConfigurations = (
				4B4B15B526CC691F0042F22A /* Debug */,
				4B4B15B626CC691F0042F22A /* Release */,
			);
			defaultConfigurationIsVisible = 0;
			defaultConfigurationName = Release;
		};
/* End XCConfigurationList section */

/* Begin XCRemoteSwiftPackageReference section */
		4B4B15BA26CC69610042F22A /* XCRemoteSwiftPackageReference "NetworkingEngine" */ = {
			isa = XCRemoteSwiftPackageReference;
			repositoryURL = "https://github.com/yangmengjiao/NetworkingEngine.git";
			requirement = {
				branch = main;
				kind = branch;
			};
		};
		4B4B15C026CC69850042F22A /* XCRemoteSwiftPackageReference "AsyncImage" */ = {
			isa = XCRemoteSwiftPackageReference;
			repositoryURL = "https://github.com/yangmengjiao/AsyncImage.git";
			requirement = {
				branch = main;
				kind = branch;
			};
		};
/* End XCRemoteSwiftPackageReference section */

/* Begin XCSwiftPackageProductDependency section */
		4B4B15BB26CC69610042F22A /* NetworkingEngine */ = {
			isa = XCSwiftPackageProductDependency;
			package = 4B4B15BA26CC69610042F22A /* XCRemoteSwiftPackageReference "NetworkingEngine" */;
			productName = NetworkingEngine;
		};
		4B4B15C126CC69850042F22A /* AsyncImage */ = {
			isa = XCSwiftPackageProductDependency;
			package = 4B4B15C026CC69850042F22A /* XCRemoteSwiftPackageReference "AsyncImage" */;
			productName = AsyncImage;
		};
/* End XCSwiftPackageProductDependency section */
	};
	rootObject = 4B4B158126CC69130042F22A /* Project object */;
}
